
Microsoft Visual Studio Solution File, Format Version 12.00
# Visual Studio Version 16
VisualStudioVersion = 16.0.29418.71
MinimumVisualStudioVersion = 10.0.40219.1
Project("{FAE04EC0-301F-11D3-BF4B-00C04F79EFBC}") = "Nick.Demo.WinForm", "Nick.Demo.WinForm\Nick.Demo.WinForm.csproj", "{D43B4200-A0B8-47B2-96A8-2C3FCAE2F0FE}"
EndProject
Project("{FAE04EC0-301F-11D3-BF4B-00C04F79EFBC}") = "Nick.Demo.CLI", "Nick.Demo.CLI\Nick.Demo.CLI.csproj", "{0A007441-3774-411D-B0AD-1B3B14285C94}"
EndProject
Project("{FAE04EC0-301F-11D3-BF4B-00C04F79EFBC}") = "Nick.Demo.Ex2_1", "Nick.Demo.Ex2_1\Nick.Demo.Ex2_1.csproj", "{1D5F0F2C-4994-4637-9D40-0DEE576C8D41}"
EndProject
Project("{FAE04EC0-301F-11D3-BF4B-00C04F79EFBC}") = "Nick.Demo.Ex2_2", "Nick.Demo.Ex2_2\Nick.Demo.Ex2_2.csproj", "{3DB79F04-9389-4B4B-A176-FFE0C977CE71}"
EndProject
Project("{FAE04EC0-301F-11D3-BF4B-00C04F79EFBC}") = "Nick.Demo.Ex2_3", "Nick.Demo.Ex2_3\Nick.Demo.Ex2_3.csproj", "{34F827F9-2D35-4336-AD7F-C0125B2C2D5E}"
EndProject
Project("{FAE04EC0-301F-11D3-BF4B-00C04F79EFBC}") = "Nick.Demo.Ex2_4", "Nick.Demo.Ex2_4\Nick.Demo.Ex2_4.csproj", "{4E726989-6EF9-4F17-B130-AD095B4244BB}"
EndProject
Project("{FAE04EC0-301F-11D3-BF4B-00C04F79EFBC}") = "Nick.Demo.Ex2_5", "Nick.Demo.Ex2_5\Nick.Demo.Ex2_5.csproj", "{7CD06715-CD16-4A8A-975D-36353869B03C}"
EndProject
Project("{FAE04EC0-301F-11D3-BF4B-00C04F79EFBC}") = "Nick.Demo.Ex3_1", "Nick.Demo.Ex3_1\Nick.Demo.Ex3_1.csproj", "{5B92B3FE-FB0F-4DC0-BF45-79B1A65A91FE}"
EndProject
Project("{FAE04EC0-301F-11D3-BF4B-00C04F79EFBC}") = "Nick.Demo.Ex3_1_1", "Nick.Demo.Ex3_1_1\Nick.Demo.Ex3_1_1.csproj", "{E7E48B1E-2DB4-4BB9-811D-A93D32D1AA02}"
EndProject
Project("{FAE04EC0-301F-11D3-BF4B-00C04F79EFBC}") = "Nick.Demo.Ex3_1_2", "Nick.Demo.Ex3_1_2\Nick.Demo.Ex3_1_2.csproj", "{C372D209-A0EF-4626-A190-00191FDFC855}"
EndProject
Project("{FAE04EC0-301F-11D3-BF4B-00C04F79EFBC}") = "Nick.Demo.Ex4_2", "Nick.Demo.Ex4_2\Nick.Demo.Ex4_2.csproj", "{0A5BE16D-2969-4EE4-A7F4-A8146BBB6F27}"
EndProject
Project("{FAE04EC0-301F-11D3-BF4B-00C04F79EFBC}") = "Nick.Demo.Ex4_1", "Nick.Demo.Ex4_1\Nick.Demo.Ex4_1.csproj", "{933C40D6-CD45-449C-B6F3-47DF92686187}"
EndProject
Project("{FAE04EC0-301F-11D3-BF4B-00C04F79EFBC}") = "Nick.Demo.Ex4_3", "Nick.Demo.Ex4_3\Nick.Demo.Ex4_3.csproj", "{B2892379-0524-4291-9A03-E456815E01CB}"
EndProject
Project("{FAE04EC0-301F-11D3-BF4B-00C04F79EFBC}") = "Nick.Demo.Ex4_4", "Nick.Demo.Ex4_4\Nick.Demo.Ex4_4.csproj", "{F90114E8-49DC-4A05-A849-8CE8E5549DC1}"
EndProject
Project("{FAE04EC0-301F-11D3-BF4B-00C04F79EFBC}") = "Nick.Demo.Ex4_5", "Nick.Demo.Ex4_5\Nick.Demo.Ex4_5.csproj", "{C44C3C2F-2303-4283-B8E2-A174413383BC}"
EndProject
Project("{FAE04EC0-301F-11D3-BF4B-00C04F79EFBC}") = "Nick.Demo.Ex4_4_1", "Nick.Demo.Ex4_4_1\Nick.Demo.Ex4_4_1.csproj", "{34890F07-6E7E-4C91-A2B2-D39EED58E480}"
EndProject
Project("{FAE04EC0-301F-11D3-BF4B-00C04F79EFBC}") = "Nick.Demo.Ex4_3_1", "Nick.Demo.Ex4_3_1\Nick.Demo.Ex4_3_1.csproj", "{3DF3129B-5D1F-4DA1-8F4C-738D57FF55B2}"
EndProject
Project("{FAE04EC0-301F-11D3-BF4B-00C04F79EFBC}") = "Nick.Demo.Ex5_1", "Nick.Demo.Ex5_1\Nick.Demo.Ex5_1.csproj", "{3407D2C8-73B8-400A-8D61-E5F96C800442}"
EndProject
Project("{FAE04EC0-301F-11D3-BF4B-00C04F79EFBC}") = "Nick.Demo.Ex5_2", "Nick.Demo.Ex5_2\Nick.Demo.Ex5_2.csproj", "{17E2ABE1-3A76-4E60-9541-EF3C81750120}"
EndProject
Project("{FAE04EC0-301F-11D3-BF4B-00C04F79EFBC}") = "Nick.Demo.Ex5_3", "Nick.Demo.Ex5_3\Nick.Demo.Ex5_3.csproj", "{1F770FB4-738D-4607-B0D9-F55DDC1D279C}"
EndProject
Project("{FAE04EC0-301F-11D3-BF4B-00C04F79EFBC}") = "Nick.Demo.Ex5_4", "Nick.Demo.Ex5_4\Nick.Demo.Ex5_4.csproj", "{DA70F3BA-03F3-4B16-951B-E4DEDE8844AA}"
EndProject
Project("{FAE04EC0-301F-11D3-BF4B-00C04F79EFBC}") = "Nick.Demo.Ex5_5_1", "Nick.Demo.Ex5_5_1\Nick.Demo.Ex5_5_1.csproj", "{AC955323-B9E0-4161-857C-F9BA15584BB1}"
EndProject
Project("{FAE04EC0-301F-11D3-BF4B-00C04F79EFBC}") = "Nick.Demo.Ex5_1_1", "Nick.Demo.Ex5_1_1\Nick.Demo.Ex5_1_1.csproj", "{C8E6D411-5A54-4495-A63A-10D1B59684E6}"
EndProject
Project("{FAE04EC0-301F-11D3-BF4B-00C04F79EFBC}") = "Nick.Demo.Ex5_6", "Nick.Demo.Ex5_6\Nick.Demo.Ex5_6.csproj", "{AF2623A0-A1B8-4686-8EB1-720C22977C99}"
EndProject
Project("{FAE04EC0-301F-11D3-BF4B-00C04F79EFBC}") = "Nick.Demo.Ex6_1", "Nick.Demo.Ex6_1\Nick.Demo.Ex6_1.csproj", "{712DE3FA-73FA-4D8C-A28C-73DA53A77DF8}"
EndProject
Project("{FAE04EC0-301F-11D3-BF4B-00C04F79EFBC}") = "Nick.Demo.Ex6_2", "Nick.Demo.Ex6_2\Nick.Demo.Ex6_2.csproj", "{E4734A54-0D60-470D-A8EB-72A45C3582A0}"
EndProject
Project("{FAE04EC0-301F-11D3-BF4B-00C04F79EFBC}") = "Nick.Demo.Ex6_3", "Nick.Demo.Ex6_3\Nick.Demo.Ex6_3.csproj", "{490AE0E9-A583-465A-BEA5-BB4D2203E649}"
EndProject
Project("{FAE04EC0-301F-11D3-BF4B-00C04F79EFBC}") = "Nick.Demo.Ex6_3_2", "Nick.Demo.Ex6_3_2\Nick.Demo.Ex6_3_2.csproj", "{248BB07B-7530-4989-B1C8-CF9EB3194B5C}"
EndProject
Project("{FAE04EC0-301F-11D3-BF4B-00C04F79EFBC}") = "Nick.Demo.Ex6_2_1", "Nick.Demo.Ex6_2_1\Nick.Demo.Ex6_2_1.csproj", "{D2195630-5BF4-438C-9BA4-897EED6058DA}"
EndProject
Project("{FAE04EC0-301F-11D3-BF4B-00C04F79EFBC}") = "Nick.Demo.Ex7_1", "Nick.Demo.Ex7_1\Nick.Demo.Ex7_1.csproj", "{4F615185-2A6E-4A7F-B8D2-26738981B98A}"
EndProject
Project("{FAE04EC0-301F-11D3-BF4B-00C04F79EFBC}") = "Nick.Demo.Ex7_1_OPP_1", "Nick.Demo.Ex7_1_OPP\Nick.Demo.Ex7_1_OPP_1.csproj", "{00615FC6-B266-46D9-93B1-18A437C4D479}"
EndProject
Project("{FAE04EC0-301F-11D3-BF4B-00C04F79EFBC}") = "Nick.Demo.Ex7_1_OPP_2", "Nick.Demo.Ex7_1_OPP_2\Nick.Demo.Ex7_1_OPP_2.csproj", "{433D4D77-C2B9-4DC3-9999-8728B8BB3609}"
EndProject
Project("{FAE04EC0-301F-11D3-BF4B-00C04F79EFBC}") = "Nick.Demo.Ex2_2_1", "Nick.Demo.Ex2_2_1\Nick.Demo.Ex2_2_1.csproj", "{12AE4E2C-3BC2-4DE6-BFF4-74C3A5D67431}"
EndProject
Project("{FAE04EC0-301F-11D3-BF4B-00C04F79EFBC}") = "Nick.Demo.Ex2_3_1", "Nick.Demo.Ex2_3_1\Nick.Demo.Ex2_3_1.csproj", "{515C9A05-162F-4060-89F3-426787FE9D83}"
EndProject
Project("{FAE04EC0-301F-11D3-BF4B-00C04F79EFBC}") = "Nick.Demo.Ex3_2", "Nick.Demo.Ex3_2\Nick.Demo.Ex3_2.csproj", "{AC861F54-1802-4274-B26C-06B4BCBA4942}"
EndProject
Project("{FAE04EC0-301F-11D3-BF4B-00C04F79EFBC}") = "Nick.Demo.Ex3_2_1", "Nick.Demo.Ex3_2_1\Nick.Demo.Ex3_2_1.csproj", "{8FF2B21B-52A8-4CEE-8DA5-ACE774197C1E}"
EndProject
Project("{FAE04EC0-301F-11D3-BF4B-00C04F79EFBC}") = "Nick.Demo.Ex3_2_2", "Nick.Demo.Ex3_2_2\Nick.Demo.Ex3_2_2.csproj", "{AB9DB115-28FF-48B8-A1CF-58D5F1B520DD}"
EndProject
Project("{FAE04EC0-301F-11D3-BF4B-00C04F79EFBC}") = "Nick.Demo.Ex4_2_1", "Nick.Demo.Ex4_2_1\Nick.Demo.Ex4_2_1.csproj", "{CA6B4863-6DB3-461E-942A-3DC81C8EE73C}"
EndProject
Project("{FAE04EC0-301F-11D3-BF4B-00C04F79EFBC}") = "Nick.Demo.Dcard.Iteration1", "Nick.Demo.Dcard.Iteration1\Nick.Demo.Dcard.Iteration1.csproj", "{EE8209ED-1A56-4936-BF78-7A99E1F31C0B}"
EndProject
Global
	GlobalSection(SolutionConfigurationPlatforms) = preSolution
		Debug|Any CPU = Debug|Any CPU
		Release|Any CPU = Release|Any CPU
	EndGlobalSection
	GlobalSection(ProjectConfigurationPlatforms) = postSolution
		{D43B4200-A0B8-47B2-96A8-2C3FCAE2F0FE}.Debug|Any CPU.ActiveCfg = Debug|Any CPU
		{D43B4200-A0B8-47B2-96A8-2C3FCAE2F0FE}.Debug|Any CPU.Build.0 = Debug|Any CPU
		{D43B4200-A0B8-47B2-96A8-2C3FCAE2F0FE}.Release|Any CPU.ActiveCfg = Release|Any CPU
		{D43B4200-A0B8-47B2-96A8-2C3FCAE2F0FE}.Release|Any CPU.Build.0 = Release|Any CPU
		{0A007441-3774-411D-B0AD-1B3B14285C94}.Debug|Any CPU.ActiveCfg = Debug|Any CPU
		{0A007441-3774-411D-B0AD-1B3B14285C94}.Debug|Any CPU.Build.0 = Debug|Any CPU
		{0A007441-3774-411D-B0AD-1B3B14285C94}.Release|Any CPU.ActiveCfg = Release|Any CPU
		{0A007441-3774-411D-B0AD-1B3B14285C94}.Release|Any CPU.Build.0 = Release|Any CPU
		{1D5F0F2C-4994-4637-9D40-0DEE576C8D41}.Debug|Any CPU.ActiveCfg = Debug|Any CPU
		{1D5F0F2C-4994-4637-9D40-0DEE576C8D41}.Debug|Any CPU.Build.0 = Debug|Any CPU
		{1D5F0F2C-4994-4637-9D40-0DEE576C8D41}.Release|Any CPU.ActiveCfg = Release|Any CPU
		{1D5F0F2C-4994-4637-9D40-0DEE576C8D41}.Release|Any CPU.Build.0 = Release|Any CPU
		{3DB79F04-9389-4B4B-A176-FFE0C977CE71}.Debug|Any CPU.ActiveCfg = Debug|Any CPU
		{3DB79F04-9389-4B4B-A176-FFE0C977CE71}.Debug|Any CPU.Build.0 = Debug|Any CPU
		{3DB79F04-9389-4B4B-A176-FFE0C977CE71}.Release|Any CPU.ActiveCfg = Release|Any CPU
		{3DB79F04-9389-4B4B-A176-FFE0C977CE71}.Release|Any CPU.Build.0 = Release|Any CPU
		{34F827F9-2D35-4336-AD7F-C0125B2C2D5E}.Debug|Any CPU.ActiveCfg = Debug|Any CPU
		{34F827F9-2D35-4336-AD7F-C0125B2C2D5E}.Debug|Any CPU.Build.0 = Debug|Any CPU
		{34F827F9-2D35-4336-AD7F-C0125B2C2D5E}.Release|Any CPU.ActiveCfg = Release|Any CPU
		{34F827F9-2D35-4336-AD7F-C0125B2C2D5E}.Release|Any CPU.Build.0 = Release|Any CPU
		{4E726989-6EF9-4F17-B130-AD095B4244BB}.Debug|Any CPU.ActiveCfg = Debug|Any CPU
		{4E726989-6EF9-4F17-B130-AD095B4244BB}.Debug|Any CPU.Build.0 = Debug|Any CPU
		{4E726989-6EF9-4F17-B130-AD095B4244BB}.Release|Any CPU.ActiveCfg = Release|Any CPU
		{4E726989-6EF9-4F17-B130-AD095B4244BB}.Release|Any CPU.Build.0 = Release|Any CPU
		{7CD06715-CD16-4A8A-975D-36353869B03C}.Debug|Any CPU.ActiveCfg = Debug|Any CPU
		{7CD06715-CD16-4A8A-975D-36353869B03C}.Debug|Any CPU.Build.0 = Debug|Any CPU
		{7CD06715-CD16-4A8A-975D-36353869B03C}.Release|Any CPU.ActiveCfg = Release|Any CPU
		{7CD06715-CD16-4A8A-975D-36353869B03C}.Release|Any CPU.Build.0 = Release|Any CPU
		{5B92B3FE-FB0F-4DC0-BF45-79B1A65A91FE}.Debug|Any CPU.ActiveCfg = Debug|Any CPU
		{5B92B3FE-FB0F-4DC0-BF45-79B1A65A91FE}.Debug|Any CPU.Build.0 = Debug|Any CPU
		{5B92B3FE-FB0F-4DC0-BF45-79B1A65A91FE}.Release|Any CPU.ActiveCfg = Release|Any CPU
		{5B92B3FE-FB0F-4DC0-BF45-79B1A65A91FE}.Release|Any CPU.Build.0 = Release|Any CPU
		{E7E48B1E-2DB4-4BB9-811D-A93D32D1AA02}.Debug|Any CPU.ActiveCfg = Debug|Any CPU
		{E7E48B1E-2DB4-4BB9-811D-A93D32D1AA02}.Debug|Any CPU.Build.0 = Debug|Any CPU
		{E7E48B1E-2DB4-4BB9-811D-A93D32D1AA02}.Release|Any CPU.ActiveCfg = Release|Any CPU
		{E7E48B1E-2DB4-4BB9-811D-A93D32D1AA02}.Release|Any CPU.Build.0 = Release|Any CPU
		{C372D209-A0EF-4626-A190-00191FDFC855}.Debug|Any CPU.ActiveCfg = Debug|Any CPU
		{C372D209-A0EF-4626-A190-00191FDFC855}.Debug|Any CPU.Build.0 = Debug|Any CPU
		{C372D209-A0EF-4626-A190-00191FDFC855}.Release|Any CPU.ActiveCfg = Release|Any CPU
		{C372D209-A0EF-4626-A190-00191FDFC855}.Release|Any CPU.Build.0 = Release|Any CPU
		{0A5BE16D-2969-4EE4-A7F4-A8146BBB6F27}.Debug|Any CPU.ActiveCfg = Debug|Any CPU
		{0A5BE16D-2969-4EE4-A7F4-A8146BBB6F27}.Debug|Any CPU.Build.0 = Debug|Any CPU
		{0A5BE16D-2969-4EE4-A7F4-A8146BBB6F27}.Release|Any CPU.ActiveCfg = Release|Any CPU
		{0A5BE16D-2969-4EE4-A7F4-A8146BBB6F27}.Release|Any CPU.Build.0 = Release|Any CPU
		{933C40D6-CD45-449C-B6F3-47DF92686187}.Debug|Any CPU.ActiveCfg = Debug|Any CPU
		{933C40D6-CD45-449C-B6F3-47DF92686187}.Debug|Any CPU.Build.0 = Debug|Any CPU
		{933C40D6-CD45-449C-B6F3-47DF92686187}.Release|Any CPU.ActiveCfg = Release|Any CPU
		{933C40D6-CD45-449C-B6F3-47DF92686187}.Release|Any CPU.Build.0 = Release|Any CPU
		{B2892379-0524-4291-9A03-E456815E01CB}.Debug|Any CPU.ActiveCfg = Debug|Any CPU
		{B2892379-0524-4291-9A03-E456815E01CB}.Debug|Any CPU.Build.0 = Debug|Any CPU
		{B2892379-0524-4291-9A03-E456815E01CB}.Release|Any CPU.ActiveCfg = Release|Any CPU
		{B2892379-0524-4291-9A03-E456815E01CB}.Release|Any CPU.Build.0 = Release|Any CPU
		{F90114E8-49DC-4A05-A849-8CE8E5549DC1}.Debug|Any CPU.ActiveCfg = Debug|Any CPU
		{F90114E8-49DC-4A05-A849-8CE8E5549DC1}.Debug|Any CPU.Build.0 = Debug|Any CPU
		{F90114E8-49DC-4A05-A849-8CE8E5549DC1}.Release|Any CPU.ActiveCfg = Release|Any CPU
		{F90114E8-49DC-4A05-A849-8CE8E5549DC1}.Release|Any CPU.Build.0 = Release|Any CPU
		{C44C3C2F-2303-4283-B8E2-A174413383BC}.Debug|Any CPU.ActiveCfg = Debug|Any CPU
		{C44C3C2F-2303-4283-B8E2-A174413383BC}.Debug|Any CPU.Build.0 = Debug|Any CPU
		{C44C3C2F-2303-4283-B8E2-A174413383BC}.Release|Any CPU.ActiveCfg = Release|Any CPU
		{C44C3C2F-2303-4283-B8E2-A174413383BC}.Release|Any CPU.Build.0 = Release|Any CPU
		{34890F07-6E7E-4C91-A2B2-D39EED58E480}.Debug|Any CPU.ActiveCfg = Debug|Any CPU
		{34890F07-6E7E-4C91-A2B2-D39EED58E480}.Debug|Any CPU.Build.0 = Debug|Any CPU
		{34890F07-6E7E-4C91-A2B2-D39EED58E480}.Release|Any CPU.ActiveCfg = Release|Any CPU
		{34890F07-6E7E-4C91-A2B2-D39EED58E480}.Release|Any CPU.Build.0 = Release|Any CPU
		{3DF3129B-5D1F-4DA1-8F4C-738D57FF55B2}.Debug|Any CPU.ActiveCfg = Debug|Any CPU
		{3DF3129B-5D1F-4DA1-8F4C-738D57FF55B2}.Debug|Any CPU.Build.0 = Debug|Any CPU
		{3DF3129B-5D1F-4DA1-8F4C-738D57FF55B2}.Release|Any CPU.ActiveCfg = Release|Any CPU
		{3DF3129B-5D1F-4DA1-8F4C-738D57FF55B2}.Release|Any CPU.Build.0 = Release|Any CPU
		{3407D2C8-73B8-400A-8D61-E5F96C800442}.Debug|Any CPU.ActiveCfg = Debug|Any CPU
		{3407D2C8-73B8-400A-8D61-E5F96C800442}.Debug|Any CPU.Build.0 = Debug|Any CPU
		{3407D2C8-73B8-400A-8D61-E5F96C800442}.Release|Any CPU.ActiveCfg = Release|Any CPU
		{3407D2C8-73B8-400A-8D61-E5F96C800442}.Release|Any CPU.Build.0 = Release|Any CPU
		{17E2ABE1-3A76-4E60-9541-EF3C81750120}.Debug|Any CPU.ActiveCfg = Debug|Any CPU
		{17E2ABE1-3A76-4E60-9541-EF3C81750120}.Debug|Any CPU.Build.0 = Debug|Any CPU
		{17E2ABE1-3A76-4E60-9541-EF3C81750120}.Release|Any CPU.ActiveCfg = Release|Any CPU
		{17E2ABE1-3A76-4E60-9541-EF3C81750120}.Release|Any CPU.Build.0 = Release|Any CPU
		{1F770FB4-738D-4607-B0D9-F55DDC1D279C}.Debug|Any CPU.ActiveCfg = Debug|Any CPU
		{1F770FB4-738D-4607-B0D9-F55DDC1D279C}.Debug|Any CPU.Build.0 = Debug|Any CPU
		{1F770FB4-738D-4607-B0D9-F55DDC1D279C}.Release|Any CPU.ActiveCfg = Release|Any CPU
		{1F770FB4-738D-4607-B0D9-F55DDC1D279C}.Release|Any CPU.Build.0 = Release|Any CPU
		{DA70F3BA-03F3-4B16-951B-E4DEDE8844AA}.Debug|Any CPU.ActiveCfg = Debug|Any CPU
		{DA70F3BA-03F3-4B16-951B-E4DEDE8844AA}.Debug|Any CPU.Build.0 = Debug|Any CPU
		{DA70F3BA-03F3-4B16-951B-E4DEDE8844AA}.Release|Any CPU.ActiveCfg = Release|Any CPU
		{DA70F3BA-03F3-4B16-951B-E4DEDE8844AA}.Release|Any CPU.Build.0 = Release|Any CPU
		{AC955323-B9E0-4161-857C-F9BA15584BB1}.Debug|Any CPU.ActiveCfg = Debug|Any CPU
		{AC955323-B9E0-4161-857C-F9BA15584BB1}.Debug|Any CPU.Build.0 = Debug|Any CPU
		{AC955323-B9E0-4161-857C-F9BA15584BB1}.Release|Any CPU.ActiveCfg = Release|Any CPU
		{AC955323-B9E0-4161-857C-F9BA15584BB1}.Release|Any CPU.Build.0 = Release|Any CPU
		{C8E6D411-5A54-4495-A63A-10D1B59684E6}.Debug|Any CPU.ActiveCfg = Debug|Any CPU
		{C8E6D411-5A54-4495-A63A-10D1B59684E6}.Debug|Any CPU.Build.0 = Debug|Any CPU
		{C8E6D411-5A54-4495-A63A-10D1B59684E6}.Release|Any CPU.ActiveCfg = Release|Any CPU
		{C8E6D411-5A54-4495-A63A-10D1B59684E6}.Release|Any CPU.Build.0 = Release|Any CPU
		{AF2623A0-A1B8-4686-8EB1-720C22977C99}.Debug|Any CPU.ActiveCfg = Debug|Any CPU
		{AF2623A0-A1B8-4686-8EB1-720C22977C99}.Debug|Any CPU.Build.0 = Debug|Any CPU
		{AF2623A0-A1B8-4686-8EB1-720C22977C99}.Release|Any CPU.ActiveCfg = Release|Any CPU
		{AF2623A0-A1B8-4686-8EB1-720C22977C99}.Release|Any CPU.Build.0 = Release|Any CPU
		{712DE3FA-73FA-4D8C-A28C-73DA53A77DF8}.Debug|Any CPU.ActiveCfg = Debug|Any CPU
		{712DE3FA-73FA-4D8C-A28C-73DA53A77DF8}.Debug|Any CPU.Build.0 = Debug|Any CPU
		{712DE3FA-73FA-4D8C-A28C-73DA53A77DF8}.Release|Any CPU.ActiveCfg = Release|Any CPU
		{712DE3FA-73FA-4D8C-A28C-73DA53A77DF8}.Release|Any CPU.Build.0 = Release|Any CPU
		{E4734A54-0D60-470D-A8EB-72A45C3582A0}.Debug|Any CPU.ActiveCfg = Debug|Any CPU
		{E4734A54-0D60-470D-A8EB-72A45C3582A0}.Debug|Any CPU.Build.0 = Debug|Any CPU
		{E4734A54-0D60-470D-A8EB-72A45C3582A0}.Release|Any CPU.ActiveCfg = Release|Any CPU
		{E4734A54-0D60-470D-A8EB-72A45C3582A0}.Release|Any CPU.Build.0 = Release|Any CPU
		{490AE0E9-A583-465A-BEA5-BB4D2203E649}.Debug|Any CPU.ActiveCfg = Debug|Any CPU
		{490AE0E9-A583-465A-BEA5-BB4D2203E649}.Debug|Any CPU.Build.0 = Debug|Any CPU
		{490AE0E9-A583-465A-BEA5-BB4D2203E649}.Release|Any CPU.ActiveCfg = Release|Any CPU
		{490AE0E9-A583-465A-BEA5-BB4D2203E649}.Release|Any CPU.Build.0 = Release|Any CPU
		{248BB07B-7530-4989-B1C8-CF9EB3194B5C}.Debug|Any CPU.ActiveCfg = Debug|Any CPU
		{248BB07B-7530-4989-B1C8-CF9EB3194B5C}.Debug|Any CPU.Build.0 = Debug|Any CPU
		{248BB07B-7530-4989-B1C8-CF9EB3194B5C}.Release|Any CPU.ActiveCfg = Release|Any CPU
		{248BB07B-7530-4989-B1C8-CF9EB3194B5C}.Release|Any CPU.Build.0 = Release|Any CPU
		{D2195630-5BF4-438C-9BA4-897EED6058DA}.Debug|Any CPU.ActiveCfg = Debug|Any CPU
		{D2195630-5BF4-438C-9BA4-897EED6058DA}.Debug|Any CPU.Build.0 = Debug|Any CPU
		{D2195630-5BF4-438C-9BA4-897EED6058DA}.Release|Any CPU.ActiveCfg = Release|Any CPU
		{D2195630-5BF4-438C-9BA4-897EED6058DA}.Release|Any CPU.Build.0 = Release|Any CPU
		{4F615185-2A6E-4A7F-B8D2-26738981B98A}.Debug|Any CPU.ActiveCfg = Debug|Any CPU
		{4F615185-2A6E-4A7F-B8D2-26738981B98A}.Debug|Any CPU.Build.0 = Debug|Any CPU
		{4F615185-2A6E-4A7F-B8D2-26738981B98A}.Release|Any CPU.ActiveCfg = Release|Any CPU
		{4F615185-2A6E-4A7F-B8D2-26738981B98A}.Release|Any CPU.Build.0 = Release|Any CPU
		{00615FC6-B266-46D9-93B1-18A437C4D479}.Debug|Any CPU.ActiveCfg = Debug|Any CPU
		{00615FC6-B266-46D9-93B1-18A437C4D479}.Debug|Any CPU.Build.0 = Debug|Any CPU
		{00615FC6-B266-46D9-93B1-18A437C4D479}.Release|Any CPU.ActiveCfg = Release|Any CPU
		{00615FC6-B266-46D9-93B1-18A437C4D479}.Release|Any CPU.Build.0 = Release|Any CPU
		{433D4D77-C2B9-4DC3-9999-8728B8BB3609}.Debug|Any CPU.ActiveCfg = Debug|Any CPU
		{433D4D77-C2B9-4DC3-9999-8728B8BB3609}.Debug|Any CPU.Build.0 = Debug|Any CPU
		{433D4D77-C2B9-4DC3-9999-8728B8BB3609}.Release|Any CPU.ActiveCfg = Release|Any CPU
		{433D4D77-C2B9-4DC3-9999-8728B8BB3609}.Release|Any CPU.Build.0 = Release|Any CPU
		{12AE4E2C-3BC2-4DE6-BFF4-74C3A5D67431}.Debug|Any CPU.ActiveCfg = Debug|Any CPU
		{12AE4E2C-3BC2-4DE6-BFF4-74C3A5D67431}.Debug|Any CPU.Build.0 = Debug|Any CPU
		{12AE4E2C-3BC2-4DE6-BFF4-74C3A5D67431}.Release|Any CPU.ActiveCfg = Release|Any CPU
		{12AE4E2C-3BC2-4DE6-BFF4-74C3A5D67431}.Release|Any CPU.Build.0 = Release|Any CPU
		{515C9A05-162F-4060-89F3-426787FE9D83}.Debug|Any CPU.ActiveCfg = Debug|Any CPU
		{515C9A05-162F-4060-89F3-426787FE9D83}.Debug|Any CPU.Build.0 = Debug|Any CPU
		{515C9A05-162F-4060-89F3-426787FE9D83}.Release|Any CPU.ActiveCfg = Release|Any CPU
		{515C9A05-162F-4060-89F3-426787FE9D83}.Release|Any CPU.Build.0 = Release|Any CPU
		{AC861F54-1802-4274-B26C-06B4BCBA4942}.Debug|Any CPU.ActiveCfg = Debug|Any CPU
		{AC861F54-1802-4274-B26C-06B4BCBA4942}.Debug|Any CPU.Build.0 = Debug|Any CPU
		{AC861F54-1802-4274-B26C-06B4BCBA4942}.Release|Any CPU.ActiveCfg = Release|Any CPU
		{AC861F54-1802-4274-B26C-06B4BCBA4942}.Release|Any CPU.Build.0 = Release|Any CPU
		{8FF2B21B-52A8-4CEE-8DA5-ACE774197C1E}.Debug|Any CPU.ActiveCfg = Debug|Any CPU
		{8FF2B21B-52A8-4CEE-8DA5-ACE774197C1E}.Debug|Any CPU.Build.0 = Debug|Any CPU
		{8FF2B21B-52A8-4CEE-8DA5-ACE774197C1E}.Release|Any CPU.ActiveCfg = Release|Any CPU
		{8FF2B21B-52A8-4CEE-8DA5-ACE774197C1E}.Release|Any CPU.Build.0 = Release|Any CPU
		{AB9DB115-28FF-48B8-A1CF-58D5F1B520DD}.Debug|Any CPU.ActiveCfg = Debug|Any CPU
		{AB9DB115-28FF-48B8-A1CF-58D5F1B520DD}.Debug|Any CPU.Build.0 = Debug|Any CPU
		{AB9DB115-28FF-48B8-A1CF-58D5F1B520DD}.Release|Any CPU.ActiveCfg = Release|Any CPU
		{AB9DB115-28FF-48B8-A1CF-58D5F1B520DD}.Release|Any CPU.Build.0 = Release|Any CPU
		{CA6B4863-6DB3-461E-942A-3DC81C8EE73C}.Debug|Any CPU.ActiveCfg = Debug|Any CPU
		{CA6B4863-6DB3-461E-942A-3DC81C8EE73C}.Debug|Any CPU.Build.0 = Debug|Any CPU
		{CA6B4863-6DB3-461E-942A-3DC81C8EE73C}.Release|Any CPU.ActiveCfg = Release|Any CPU
		{CA6B4863-6DB3-461E-942A-3DC81C8EE73C}.Release|Any CPU.Build.0 = Release|Any CPU
		{EE8209ED-1A56-4936-BF78-7A99E1F31C0B}.Debug|Any CPU.ActiveCfg = Debug|Any CPU
		{EE8209ED-1A56-4936-BF78-7A99E1F31C0B}.Debug|Any CPU.Build.0 = Debug|Any CPU
		{EE8209ED-1A56-4936-BF78-7A99E1F31C0B}.Release|Any CPU.ActiveCfg = Release|Any CPU
		{EE8209ED-1A56-4936-BF78-7A99E1F31C0B}.Release|Any CPU.Build.0 = Release|Any CPU
	EndGlobalSection
	GlobalSection(SolutionProperties) = preSolution
		HideSolutionNode = FALSE
	EndGlobalSection
	GlobalSection(ExtensibilityGlobals) = postSolution
		SolutionGuid = {60DCD248-F4C2-472D-90B0-E6730830994B}
	EndGlobalSection
EndGlobal
